
Microsoft Visual Studio Solution File, Format Version 12.00
# Visual Studio Version 16
VisualStudioVersion = 16.0.29609.76
MinimumVisualStudioVersion = 10.0.40219.1
Project("{2150E333-8FDC-42A3-9474-1A3956D46DE8}") = "Domain", "Domain", "{E328093C-7DC3-408B-9724-002DE8EA8B30}"
EndProject
Project("{2150E333-8FDC-42A3-9474-1A3956D46DE8}") = "Infra.Bus", "Infra.Bus", "{2577EA89-BD2E-4A55-A898-A1ACE15C0D49}"
EndProject
Project("{2150E333-8FDC-42A3-9474-1A3956D46DE8}") = "Infra.Ioc", "Infra.Ioc", "{61547CE1-D235-4D3F-9DE1-BE419AF3F9A1}"
EndProject
Project("{2150E333-8FDC-42A3-9474-1A3956D46DE8}") = "Microservices", "Microservices", "{5CD0D8BF-83D2-453A-9D92-3C2771DEE22D}"
EndProject
Project("{2150E333-8FDC-42A3-9474-1A3956D46DE8}") = "Presentation", "Presentation", "{298CE929-2D37-48E0-B9AF-B9D53E9AE4CD}"
EndProject
Project("{9A19103F-16F7-4668-BE54-9A1E7A4F7556}") = "MicroRabbit.Core", "MicroRabbit.Core\MicroRabbit.Core.csproj", "{AA708618-4846-43E1-B633-449F6B4E17C2}"
EndProject
Project("{9A19103F-16F7-4668-BE54-9A1E7A4F7556}") = "MicroRabbit.Infra.Bus", "MicroRabbit.Infra.Bus\MicroRabbit.Infra.Bus.csproj", "{A187C4FC-7AF4-4001-A84B-723CA8CD0FD6}"
EndProject
Project("{2150E333-8FDC-42A3-9474-1A3956D46DE8}") = "Banking", "Banking", "{172825E6-7A70-478F-A28F-3AF1068912BC}"
EndProject
Project("{2150E333-8FDC-42A3-9474-1A3956D46DE8}") = "Api", "Api", "{2BC84A62-2A90-4F0C-B5D8-783C1D8F48AB}"
EndProject
Project("{2150E333-8FDC-42A3-9474-1A3956D46DE8}") = "Domain", "Domain", "{2B1B45ED-7C37-4C5D-8865-BA2A2672980B}"
EndProject
Project("{2150E333-8FDC-42A3-9474-1A3956D46DE8}") = "Data", "Data", "{13411688-E193-4BA7-AA1C-A7578F084F0E}"
EndProject
Project("{2150E333-8FDC-42A3-9474-1A3956D46DE8}") = "Application", "Application", "{A70F4314-5230-4F07-ACAA-9E46AE541016}"
EndProject
Project("{9A19103F-16F7-4668-BE54-9A1E7A4F7556}") = "MicroRabbit.Banking.Application", "MicroRabbit.Banking.Application\MicroRabbit.Banking.Application.csproj", "{5D53AA1E-320A-48F6-B466-D6FB1A8BCCE0}"
EndProject
Project("{9A19103F-16F7-4668-BE54-9A1E7A4F7556}") = "MicroRabbit.Banking.Domain", "MicroRabbit.Banking.Domain\MicroRabbit.Banking.Domain.csproj", "{936E9751-E4C3-4F14-9641-AEF6A70CAF21}"
EndProject
Project("{9A19103F-16F7-4668-BE54-9A1E7A4F7556}") = "MicroRabbit.Banking.Data", "MicroRabbit.Banking.Data\MicroRabbit.Banking.Data.csproj", "{93BAE8E3-C87A-4196-B121-9A5D47B1BDF6}"
EndProject
Project("{9A19103F-16F7-4668-BE54-9A1E7A4F7556}") = "MicroRabbit.Infra.Ioc", "MicroRabbit.Infra.Ioc\MicroRabbit.Infra.Ioc.csproj", "{3EE1D46D-F089-4066-BE84-C2A6545F05C4}"
EndProject
Project("{9A19103F-16F7-4668-BE54-9A1E7A4F7556}") = "MicroRabbit.Banking.Api", "MicroRabbit.Banking.Api\MicroRabbit.Banking.Api.csproj", "{E8E49319-9B1B-4D56-B5A6-438472916663}"
EndProject
Project("{2150E333-8FDC-42A3-9474-1A3956D46DE8}") = "Transfer", "Transfer", "{7E4E76C4-6F0A-42E2-933A-B1D539D8A335}"
EndProject
Project("{2150E333-8FDC-42A3-9474-1A3956D46DE8}") = "Api", "Api", "{165F450C-C986-4F50-8679-9D0E30A5650D}"
EndProject
Project("{2150E333-8FDC-42A3-9474-1A3956D46DE8}") = "Application", "Application", "{97A33E40-B4D1-43F2-AA8F-847C40EF7373}"
EndProject
Project("{2150E333-8FDC-42A3-9474-1A3956D46DE8}") = "Data", "Data", "{1C71821E-025E-49EA-9585-398200BB4D7A}"
EndProject
Project("{2150E333-8FDC-42A3-9474-1A3956D46DE8}") = "Domain", "Domain", "{5BA20451-11A1-480A-A430-0C370E93BB41}"
EndProject
Project("{FAE04EC0-301F-11D3-BF4B-00C04F79EFBC}") = "MicroRabbit.Transfer.Application", "MicroRabbit.Transfer.Application\MicroRabbit.Transfer.Application.csproj", "{1719970E-DC65-4E00-93AC-E2C17FFD10A2}"
EndProject
Project("{FAE04EC0-301F-11D3-BF4B-00C04F79EFBC}") = "MicroRabbit.Transfer.Api", "MicroRabbit.Transfer.Api\MicroRabbit.Transfer.Api.csproj", "{367F7D80-82CC-48B7-ABA3-5AA87B16AA2E}"
EndProject
Project("{FAE04EC0-301F-11D3-BF4B-00C04F79EFBC}") = "MicroRabbit.Transfer.Domain", "MicroRabbit.Transfer.Domain\MicroRabbit.Transfer.Domain.csproj", "{15EC332C-C943-407A-B78A-B44786EEFEF2}"
EndProject
Project("{FAE04EC0-301F-11D3-BF4B-00C04F79EFBC}") = "MicroRabbit.Transfer.Data", "MicroRabbit.Transfer.Data\MicroRabbit.Transfer.Data.csproj", "{60D793CB-6A5A-45D5-8D8C-9CEAE19B2384}"
EndProject
Global
	GlobalSection(SolutionConfigurationPlatforms) = preSolution
		Debug|Any CPU = Debug|Any CPU
		Release|Any CPU = Release|Any CPU
	EndGlobalSection
	GlobalSection(ProjectConfigurationPlatforms) = postSolution
		{AA708618-4846-43E1-B633-449F6B4E17C2}.Debug|Any CPU.ActiveCfg = Debug|Any CPU
		{AA708618-4846-43E1-B633-449F6B4E17C2}.Debug|Any CPU.Build.0 = Debug|Any CPU
		{AA708618-4846-43E1-B633-449F6B4E17C2}.Release|Any CPU.ActiveCfg = Release|Any CPU
		{AA708618-4846-43E1-B633-449F6B4E17C2}.Release|Any CPU.Build.0 = Release|Any CPU
		{A187C4FC-7AF4-4001-A84B-723CA8CD0FD6}.Debug|Any CPU.ActiveCfg = Debug|Any CPU
		{A187C4FC-7AF4-4001-A84B-723CA8CD0FD6}.Debug|Any CPU.Build.0 = Debug|Any CPU
		{A187C4FC-7AF4-4001-A84B-723CA8CD0FD6}.Release|Any CPU.ActiveCfg = Release|Any CPU
		{A187C4FC-7AF4-4001-A84B-723CA8CD0FD6}.Release|Any CPU.Build.0 = Release|Any CPU
		{5D53AA1E-320A-48F6-B466-D6FB1A8BCCE0}.Debug|Any CPU.ActiveCfg = Debug|Any CPU
		{5D53AA1E-320A-48F6-B466-D6FB1A8BCCE0}.Debug|Any CPU.Build.0 = Debug|Any CPU
		{5D53AA1E-320A-48F6-B466-D6FB1A8BCCE0}.Release|Any CPU.ActiveCfg = Release|Any CPU
		{5D53AA1E-320A-48F6-B466-D6FB1A8BCCE0}.Release|Any CPU.Build.0 = Release|Any CPU
		{936E9751-E4C3-4F14-9641-AEF6A70CAF21}.Debug|Any CPU.ActiveCfg = Debug|Any CPU
		{936E9751-E4C3-4F14-9641-AEF6A70CAF21}.Debug|Any CPU.Build.0 = Debug|Any CPU
		{936E9751-E4C3-4F14-9641-AEF6A70CAF21}.Release|Any CPU.ActiveCfg = Release|Any CPU
		{936E9751-E4C3-4F14-9641-AEF6A70CAF21}.Release|Any CPU.Build.0 = Release|Any CPU
		{93BAE8E3-C87A-4196-B121-9A5D47B1BDF6}.Debug|Any CPU.ActiveCfg = Debug|Any CPU
		{93BAE8E3-C87A-4196-B121-9A5D47B1BDF6}.Debug|Any CPU.Build.0 = Debug|Any CPU
		{93BAE8E3-C87A-4196-B121-9A5D47B1BDF6}.Release|Any CPU.ActiveCfg = Release|Any CPU
		{93BAE8E3-C87A-4196-B121-9A5D47B1BDF6}.Release|Any CPU.Build.0 = Release|Any CPU
		{3EE1D46D-F089-4066-BE84-C2A6545F05C4}.Debug|Any CPU.ActiveCfg = Debug|Any CPU
		{3EE1D46D-F089-4066-BE84-C2A6545F05C4}.Debug|Any CPU.Build.0 = Debug|Any CPU
		{3EE1D46D-F089-4066-BE84-C2A6545F05C4}.Release|Any CPU.ActiveCfg = Release|Any CPU
		{3EE1D46D-F089-4066-BE84-C2A6545F05C4}.Release|Any CPU.Build.0 = Release|Any CPU
		{E8E49319-9B1B-4D56-B5A6-438472916663}.Debug|Any CPU.ActiveCfg = Debug|Any CPU
		{E8E49319-9B1B-4D56-B5A6-438472916663}.Debug|Any CPU.Build.0 = Debug|Any CPU
		{E8E49319-9B1B-4D56-B5A6-438472916663}.Release|Any CPU.ActiveCfg = Release|Any CPU
		{E8E49319-9B1B-4D56-B5A6-438472916663}.Release|Any CPU.Build.0 = Release|Any CPU
		{1719970E-DC65-4E00-93AC-E2C17FFD10A2}.Debug|Any CPU.ActiveCfg = Debug|Any CPU
		{1719970E-DC65-4E00-93AC-E2C17FFD10A2}.Debug|Any CPU.Build.0 = Debug|Any CPU
		{1719970E-DC65-4E00-93AC-E2C17FFD10A2}.Release|Any CPU.ActiveCfg = Release|Any CPU
		{1719970E-DC65-4E00-93AC-E2C17FFD10A2}.Release|Any CPU.Build.0 = Release|Any CPU
		{367F7D80-82CC-48B7-ABA3-5AA87B16AA2E}.Debug|Any CPU.ActiveCfg = Debug|Any CPU
		{367F7D80-82CC-48B7-ABA3-5AA87B16AA2E}.Debug|Any CPU.Build.0 = Debug|Any CPU
		{367F7D80-82CC-48B7-ABA3-5AA87B16AA2E}.Release|Any CPU.ActiveCfg = Release|Any CPU
		{367F7D80-82CC-48B7-ABA3-5AA87B16AA2E}.Release|Any CPU.Build.0 = Release|Any CPU
		{15EC332C-C943-407A-B78A-B44786EEFEF2}.Debug|Any CPU.ActiveCfg = Debug|Any CPU
		{15EC332C-C943-407A-B78A-B44786EEFEF2}.Debug|Any CPU.Build.0 = Debug|Any CPU
		{15EC332C-C943-407A-B78A-B44786EEFEF2}.Release|Any CPU.ActiveCfg = Release|Any CPU
		{15EC332C-C943-407A-B78A-B44786EEFEF2}.Release|Any CPU.Build.0 = Release|Any CPU
		{60D793CB-6A5A-45D5-8D8C-9CEAE19B2384}.Debug|Any CPU.ActiveCfg = Debug|Any CPU
		{60D793CB-6A5A-45D5-8D8C-9CEAE19B2384}.Debug|Any CPU.Build.0 = Debug|Any CPU
		{60D793CB-6A5A-45D5-8D8C-9CEAE19B2384}.Release|Any CPU.ActiveCfg = Release|Any CPU
		{60D793CB-6A5A-45D5-8D8C-9CEAE19B2384}.Release|Any CPU.Build.0 = Release|Any CPU
	EndGlobalSection
	GlobalSection(SolutionProperties) = preSolution
		HideSolutionNode = FALSE
	EndGlobalSection
	GlobalSection(NestedProjects) = preSolution
		{AA708618-4846-43E1-B633-449F6B4E17C2} = {E328093C-7DC3-408B-9724-002DE8EA8B30}
		{A187C4FC-7AF4-4001-A84B-723CA8CD0FD6} = {2577EA89-BD2E-4A55-A898-A1ACE15C0D49}
		{172825E6-7A70-478F-A28F-3AF1068912BC} = {5CD0D8BF-83D2-453A-9D92-3C2771DEE22D}
		{2BC84A62-2A90-4F0C-B5D8-783C1D8F48AB} = {172825E6-7A70-478F-A28F-3AF1068912BC}
		{2B1B45ED-7C37-4C5D-8865-BA2A2672980B} = {172825E6-7A70-478F-A28F-3AF1068912BC}
		{13411688-E193-4BA7-AA1C-A7578F084F0E} = {172825E6-7A70-478F-A28F-3AF1068912BC}
		{A70F4314-5230-4F07-ACAA-9E46AE541016} = {172825E6-7A70-478F-A28F-3AF1068912BC}
		{5D53AA1E-320A-48F6-B466-D6FB1A8BCCE0} = {A70F4314-5230-4F07-ACAA-9E46AE541016}
		{936E9751-E4C3-4F14-9641-AEF6A70CAF21} = {2B1B45ED-7C37-4C5D-8865-BA2A2672980B}
		{93BAE8E3-C87A-4196-B121-9A5D47B1BDF6} = {13411688-E193-4BA7-AA1C-A7578F084F0E}
		{3EE1D46D-F089-4066-BE84-C2A6545F05C4} = {61547CE1-D235-4D3F-9DE1-BE419AF3F9A1}
		{E8E49319-9B1B-4D56-B5A6-438472916663} = {2BC84A62-2A90-4F0C-B5D8-783C1D8F48AB}
		{7E4E76C4-6F0A-42E2-933A-B1D539D8A335} = {5CD0D8BF-83D2-453A-9D92-3C2771DEE22D}
		{165F450C-C986-4F50-8679-9D0E30A5650D} = {7E4E76C4-6F0A-42E2-933A-B1D539D8A335}
		{97A33E40-B4D1-43F2-AA8F-847C40EF7373} = {7E4E76C4-6F0A-42E2-933A-B1D539D8A335}
		{1C71821E-025E-49EA-9585-398200BB4D7A} = {7E4E76C4-6F0A-42E2-933A-B1D539D8A335}
		{5BA20451-11A1-480A-A430-0C370E93BB41} = {7E4E76C4-6F0A-42E2-933A-B1D539D8A335}
		{1719970E-DC65-4E00-93AC-E2C17FFD10A2} = {97A33E40-B4D1-43F2-AA8F-847C40EF7373}
		{367F7D80-82CC-48B7-ABA3-5AA87B16AA2E} = {165F450C-C986-4F50-8679-9D0E30A5650D}
		{15EC332C-C943-407A-B78A-B44786EEFEF2} = {5BA20451-11A1-480A-A430-0C370E93BB41}
		{60D793CB-6A5A-45D5-8D8C-9CEAE19B2384} = {1C71821E-025E-49EA-9585-398200BB4D7A}
	EndGlobalSection
	GlobalSection(ExtensibilityGlobals) = postSolution
		SolutionGuid = {FA4EF372-401E-4768-A7DD-9A1313ABA77C}
	EndGlobalSection
EndGlobal
